// !$*UTF8*$!
{
	archiveVersion = 1;
	classes = {
	};
	objectVersion = 46;
	objects = {

/* Begin PBXAggregateTarget section */
		1D5B778F1CB5357B0098235D /* aggregate */ = {
			isa = PBXAggregateTarget;
			buildConfigurationList = 1D5B77921CB5357B0098235D /* Build configuration list for PBXAggregateTarget "aggregate" */;
			buildPhases = (
				1D5B77991CB5379C0098235D /* ShellScript */,
			);
			dependencies = (
			);
			name = aggregate;
			productName = aggregate;
		};
/* End PBXAggregateTarget section */

/* Begin PBXBuildFile section */
		1D31B7131CA9633F00E4160B /* main.m in Sources */ = {isa = PBXBuildFile; fileRef = 1D31B7121CA9633F00E4160B /* main.m */; };
		1D31B71E1CA9633F00E4160B /* Assets.xcassets in Resources */ = {isa = PBXBuildFile; fileRef = 1D31B71D1CA9633F00E4160B /* Assets.xcassets */; };
		1D5B77721CB522A60098235D /* AppDelegate.m in Sources */ = {isa = PBXBuildFile; fileRef = 1D5B77631CB522A60098235D /* AppDelegate.m */; };
		1D5B77731CB522A60098235D /* ModelDemo in Resources */ = {isa = PBXBuildFile; fileRef = 1D5B77681CB522A60098235D /* ModelDemo */; };
		1D5B77741CB522A60098235D /* ResourcesDemo in Resources */ = {isa = PBXBuildFile; fileRef = 1D5B776A1CB522A60098235D /* ResourcesDemo */; };
		1D5B777B1CB523F60098235D /* Constant.m in Sources */ = {isa = PBXBuildFile; fileRef = 1D5B777A1CB523F60098235D /* Constant.m */; };
		1D5B777F1CB527610098235D /* HelperDemo in Resources */ = {isa = PBXBuildFile; fileRef = 1D5B777E1CB527610098235D /* HelperDemo */; };
		1D5B77811CB5276F0098235D /* GeneralDemo in Resources */ = {isa = PBXBuildFile; fileRef = 1D5B77801CB5276F0098235D /* GeneralDemo */; };
		1D5B77831CB527ED0098235D /* HomeDemo in Resources */ = {isa = PBXBuildFile; fileRef = 1D5B77821CB527ED0098235D /* HomeDemo */; };
		1D5B77851CB527FE0098235D /* LoginDemo in Resources */ = {isa = PBXBuildFile; fileRef = 1D5B77841CB527FE0098235D /* LoginDemo */; };
		1D5B77871CB5280B0098235D /* MessageDemo in Resources */ = {isa = PBXBuildFile; fileRef = 1D5B77861CB5280B0098235D /* MessageDemo */; };
		1D5B77891CB528200098235D /* PersonalDemo in Resources */ = {isa = PBXBuildFile; fileRef = 1D5B77881CB528200098235D /* PersonalDemo */; };
		1D5B778B1CB5282C0098235D /* ShowDemo in Resources */ = {isa = PBXBuildFile; fileRef = 1D5B778A1CB5282C0098235D /* ShowDemo */; };
		1D5B778D1CB528360098235D /* SquareDemo in Resources */ = {isa = PBXBuildFile; fileRef = 1D5B778C1CB528360098235D /* SquareDemo */; };
		1D8A2FEC1CA9677100140644 /* LICENSE in Resources */ = {isa = PBXBuildFile; fileRef = 1D8A2FEA1CA9677100140644 /* LICENSE */; };
		B901440387D1C85D2E87B772 /* libPods-banTangCopy.a in Frameworks */ = {isa = PBXBuildFile; fileRef = 8DA3F56182D52CCD8ACCB957 /* libPods-banTangCopy.a */; };
		CBBE7BD01CB68BBF00C824EF /* BTCcMessageController.m in Sources */ = {isa = PBXBuildFile; fileRef = CBBE7BCF1CB68BBF00C824EF /* BTCcMessageController.m */; };
/* End PBXBuildFile section */

/* Begin PBXFileReference section */
		18C9720F2EC13077CEBD124E /* Pods-banTangCopy.debug.xcconfig */ = {isa = PBXFileReference; includeInIndex = 1; lastKnownFileType = text.xcconfig; name = "Pods-banTangCopy.debug.xcconfig"; path = "Pods/Target Support Files/Pods-banTangCopy/Pods-banTangCopy.debug.xcconfig"; sourceTree = "<group>"; };
		1D31B70E1CA9633F00E4160B /* banTangCopy.app */ = {isa = PBXFileReference; explicitFileType = wrapper.application; includeInIndex = 0; path = banTangCopy.app; sourceTree = BUILT_PRODUCTS_DIR; };
		1D31B7121CA9633F00E4160B /* main.m */ = {isa = PBXFileReference; lastKnownFileType = sourcecode.c.objc; name = main.m; path = banTangCopy/main.m; sourceTree = "<group>"; };
		1D31B71D1CA9633F00E4160B /* Assets.xcassets */ = {isa = PBXFileReference; lastKnownFileType = folder.assetcatalog; name = Assets.xcassets; path = banTangCopy/Assets.xcassets; sourceTree = "<group>"; };
		1D31B7221CA9633F00E4160B /* Info.plist */ = {isa = PBXFileReference; lastKnownFileType = text.plist.xml; name = Info.plist; path = banTangCopy/Info.plist; sourceTree = "<group>"; };
		1D5B77621CB522A60098235D /* AppDelegate.h */ = {isa = PBXFileReference; fileEncoding = 4; lastKnownFileType = sourcecode.c.h; path = AppDelegate.h; sourceTree = "<group>"; };
		1D5B77631CB522A60098235D /* AppDelegate.m */ = {isa = PBXFileReference; fileEncoding = 4; lastKnownFileType = sourcecode.c.objc; path = AppDelegate.m; sourceTree = "<group>"; };
		1D5B77681CB522A60098235D /* ModelDemo */ = {isa = PBXFileReference; fileEncoding = 4; lastKnownFileType = text; path = ModelDemo; sourceTree = "<group>"; };
		1D5B776A1CB522A60098235D /* ResourcesDemo */ = {isa = PBXFileReference; fileEncoding = 4; lastKnownFileType = text; path = ResourcesDemo; sourceTree = "<group>"; };
		1D5B77751CB522C10098235D /* banTangCopy.pch */ = {isa = PBXFileReference; lastKnownFileType = sourcecode.c.h; path = banTangCopy.pch; sourceTree = "<group>"; };
		1D5B77791CB523F60098235D /* Constant.h */ = {isa = PBXFileReference; fileEncoding = 4; lastKnownFileType = sourcecode.c.h; path = Constant.h; sourceTree = "<group>"; };
		1D5B777A1CB523F60098235D /* Constant.m */ = {isa = PBXFileReference; fileEncoding = 4; lastKnownFileType = sourcecode.c.objc; path = Constant.m; sourceTree = "<group>"; };
		1D5B777E1CB527610098235D /* HelperDemo */ = {isa = PBXFileReference; fileEncoding = 4; lastKnownFileType = text; path = HelperDemo; sourceTree = "<group>"; };
		1D5B77801CB5276F0098235D /* GeneralDemo */ = {isa = PBXFileReference; fileEncoding = 4; lastKnownFileType = text; path = GeneralDemo; sourceTree = "<group>"; };
		1D5B77821CB527ED0098235D /* HomeDemo */ = {isa = PBXFileReference; fileEncoding = 4; lastKnownFileType = text; path = HomeDemo; sourceTree = "<group>"; };
		1D5B77841CB527FE0098235D /* LoginDemo */ = {isa = PBXFileReference; fileEncoding = 4; lastKnownFileType = text; path = LoginDemo; sourceTree = "<group>"; };
		1D5B77861CB5280B0098235D /* MessageDemo */ = {isa = PBXFileReference; fileEncoding = 4; lastKnownFileType = text; path = MessageDemo; sourceTree = "<group>"; };
		1D5B77881CB528200098235D /* PersonalDemo */ = {isa = PBXFileReference; fileEncoding = 4; lastKnownFileType = text; path = PersonalDemo; sourceTree = "<group>"; };
		1D5B778A1CB5282C0098235D /* ShowDemo */ = {isa = PBXFileReference; fileEncoding = 4; lastKnownFileType = text; path = ShowDemo; sourceTree = "<group>"; };
		1D5B778C1CB528360098235D /* SquareDemo */ = {isa = PBXFileReference; fileEncoding = 4; lastKnownFileType = text; path = SquareDemo; sourceTree = "<group>"; };
		1D5B77A21CB601050098235D /* banTangCopy-Bridging-Header.h */ = {isa = PBXFileReference; fileEncoding = 4; lastKnownFileType = sourcecode.c.h; name = "banTangCopy-Bridging-Header.h"; path = "banTangCopy/banTangCopy-Bridging-Header.h"; sourceTree = "<group>"; };
		1D8A2FEA1CA9677100140644 /* LICENSE */ = {isa = PBXFileReference; fileEncoding = 4; lastKnownFileType = text; path = LICENSE; sourceTree = "<group>"; };
		1D8A2FEB1CA9677100140644 /* README.md */ = {isa = PBXFileReference; fileEncoding = 4; lastKnownFileType = net.daringfireball.markdown; path = README.md; sourceTree = "<group>"; };
		8DA3F56182D52CCD8ACCB957 /* libPods-banTangCopy.a */ = {isa = PBXFileReference; explicitFileType = archive.ar; includeInIndex = 0; path = "libPods-banTangCopy.a"; sourceTree = BUILT_PRODUCTS_DIR; };
		CBBE7BCE1CB68BBF00C824EF /* BTCcMessageController.h */ = {isa = PBXFileReference; fileEncoding = 4; lastKnownFileType = sourcecode.c.h; path = BTCcMessageController.h; sourceTree = "<group>"; };
		CBBE7BCF1CB68BBF00C824EF /* BTCcMessageController.m */ = {isa = PBXFileReference; fileEncoding = 4; lastKnownFileType = sourcecode.c.objc; path = BTCcMessageController.m; sourceTree = "<group>"; };
		F032FF7E1FADA31D504BBC97 /* Pods-banTangCopy.release.xcconfig */ = {isa = PBXFileReference; includeInIndex = 1; lastKnownFileType = text.xcconfig; name = "Pods-banTangCopy.release.xcconfig"; path = "Pods/Target Support Files/Pods-banTangCopy/Pods-banTangCopy.release.xcconfig"; sourceTree = "<group>"; };
/* End PBXFileReference section */

/* Begin PBXFrameworksBuildPhase section */
		1D31B70B1CA9633F00E4160B /* Frameworks */ = {
			isa = PBXFrameworksBuildPhase;
			buildActionMask = 2147483647;
			files = (
				B901440387D1C85D2E87B772 /* libPods-banTangCopy.a in Frameworks */,
			);
			runOnlyForDeploymentPostprocessing = 0;
		};
/* End PBXFrameworksBuildPhase section */

/* Begin PBXGroup section */
		07B0F827FA549CD6A511DD52 /* Frameworks */ = {
			isa = PBXGroup;
			children = (
				8DA3F56182D52CCD8ACCB957 /* libPods-banTangCopy.a */,
			);
			name = Frameworks;
			sourceTree = "<group>";
		};
		1D31B7051CA9633F00E4160B = {
			isa = PBXGroup;
			children = (
				1D31B7101CA9633F00E4160B /* banTangCopy */,
				1D31B70F1CA9633F00E4160B /* Products */,
				8BF1285FF7182C49A42C578E /* Pods */,
				07B0F827FA549CD6A511DD52 /* Frameworks */,
			);
			sourceTree = "<group>";
		};
		1D31B70F1CA9633F00E4160B /* Products */ = {
			isa = PBXGroup;
			children = (
				1D31B70E1CA9633F00E4160B /* banTangCopy.app */,
			);
			name = Products;
			sourceTree = "<group>";
		};
		1D31B7101CA9633F00E4160B /* banTangCopy */ = {
			isa = PBXGroup;
			children = (
				1D5B77611CB522A60098235D /* AppDelegate */,
				1D5B77641CB522A60098235D /* General */,
				1D5B77651CB522A60098235D /* Helpers */,
				1D5B77661CB522A60098235D /* Macro */,
				1D5B77671CB522A60098235D /* Model */,
				1D5B77601CB521150098235D /* Other */,
				1D5B77691CB522A60098235D /* Resources */,
				1D5B776B1CB522A60098235D /* Sections */,
			);
			path = banTangCopy;
			sourceTree = "<group>";
		};
		1D5B77601CB521150098235D /* Other */ = {
			isa = PBXGroup;
			children = (
				1D5B77A21CB601050098235D /* banTangCopy-Bridging-Header.h */,
				1D31B71D1CA9633F00E4160B /* Assets.xcassets */,
				1D31B7221CA9633F00E4160B /* Info.plist */,
				1D31B7121CA9633F00E4160B /* main.m */,
				1D8A2FEA1CA9677100140644 /* LICENSE */,
				1D8A2FEB1CA9677100140644 /* README.md */,
			);
			name = Other;
			path = ..;
			sourceTree = "<group>";
		};
		1D5B77611CB522A60098235D /* AppDelegate */ = {
			isa = PBXGroup;
			children = (
				1D5B77621CB522A60098235D /* AppDelegate.h */,
				1D5B77631CB522A60098235D /* AppDelegate.m */,
			);
			path = AppDelegate;
			sourceTree = "<group>";
		};
		1D5B77641CB522A60098235D /* General */ = {
			isa = PBXGroup;
			children = (
				1D5B77801CB5276F0098235D /* GeneralDemo */,
			);
			path = General;
			sourceTree = "<group>";
		};
		1D5B77651CB522A60098235D /* Helpers */ = {
			isa = PBXGroup;
			children = (
				1D5B777E1CB527610098235D /* HelperDemo */,
			);
			path = Helpers;
			sourceTree = "<group>";
		};
		1D5B77661CB522A60098235D /* Macro */ = {
			isa = PBXGroup;
			children = (
				1D5B77751CB522C10098235D /* banTangCopy.pch */,
				1D5B77791CB523F60098235D /* Constant.h */,
				1D5B777A1CB523F60098235D /* Constant.m */,
			);
			path = Macro;
			sourceTree = "<group>";
		};
		1D5B77671CB522A60098235D /* Model */ = {
			isa = PBXGroup;
			children = (
				1D5B77681CB522A60098235D /* ModelDemo */,
			);
			path = Model;
			sourceTree = "<group>";
		};
		1D5B77691CB522A60098235D /* Resources */ = {
			isa = PBXGroup;
			children = (
				1D5B776A1CB522A60098235D /* ResourcesDemo */,
			);
			path = Resources;
			sourceTree = "<group>";
		};
		1D5B776B1CB522A60098235D /* Sections */ = {
			isa = PBXGroup;
			children = (
				1D5B776C1CB522A60098235D /* Home */,
				1D5B776D1CB522A60098235D /* Login */,
				1D5B776E1CB522A60098235D /* Message */,
				1D5B776F1CB522A60098235D /* Personal */,
				1D5B77701CB522A60098235D /* Show */,
				1D5B77711CB522A60098235D /* Square */,
			);
			path = Sections;
			sourceTree = "<group>";
		};
		1D5B776C1CB522A60098235D /* Home */ = {
			isa = PBXGroup;
			children = (
				1D5B77821CB527ED0098235D /* HomeDemo */,
			);
			path = Home;
			sourceTree = "<group>";
		};
		1D5B776D1CB522A60098235D /* Login */ = {
			isa = PBXGroup;
			children = (
				1D5B77841CB527FE0098235D /* LoginDemo */,
			);
			path = Login;
			sourceTree = "<group>";
		};
		1D5B776E1CB522A60098235D /* Message */ = {
			isa = PBXGroup;
			children = (
				1D5B77861CB5280B0098235D /* MessageDemo */,
				CBBE7BCE1CB68BBF00C824EF /* BTCcMessageController.h */,
				CBBE7BCF1CB68BBF00C824EF /* BTCcMessageController.m */,
			);
			path = Message;
			sourceTree = "<group>";
		};
		1D5B776F1CB522A60098235D /* Personal */ = {
			isa = PBXGroup;
			children = (
				1D5B77881CB528200098235D /* PersonalDemo */,
			);
			path = Personal;
			sourceTree = "<group>";
		};
		1D5B77701CB522A60098235D /* Show */ = {
			isa = PBXGroup;
			children = (
				1D5B778A1CB5282C0098235D /* ShowDemo */,
			);
			path = Show;
			sourceTree = "<group>";
		};
		1D5B77711CB522A60098235D /* Square */ = {
			isa = PBXGroup;
			children = (
				1D5B778C1CB528360098235D /* SquareDemo */,
			);
			path = Square;
			sourceTree = "<group>";
		};
		8BF1285FF7182C49A42C578E /* Pods */ = {
			isa = PBXGroup;
			children = (
				18C9720F2EC13077CEBD124E /* Pods-banTangCopy.debug.xcconfig */,
				F032FF7E1FADA31D504BBC97 /* Pods-banTangCopy.release.xcconfig */,
			);
			name = Pods;
			sourceTree = "<group>";
		};
/* End PBXGroup section */

/* Begin PBXNativeTarget section */
		1D31B70D1CA9633F00E4160B /* banTangCopy */ = {
			isa = PBXNativeTarget;
			buildConfigurationList = 1D31B73B1CA9633F00E4160B /* Build configuration list for PBXNativeTarget "banTangCopy" */;
			buildPhases = (
				A40C01C1DDF7D836D8F753E4 /* Check Pods Manifest.lock */,
				1D31B70A1CA9633F00E4160B /* Sources */,
				1D31B70B1CA9633F00E4160B /* Frameworks */,
				1D31B70C1CA9633F00E4160B /* Resources */,
				22C829276BAD868BD525A3E2 /* Embed Pods Frameworks */,
				F8A725F11A719A3EDEC52B7F /* Copy Pods Resources */,
			);
			buildRules = (
			);
			dependencies = (
			);
			name = banTangCopy;
			productName = banTangCopy;
			productReference = 1D31B70E1CA9633F00E4160B /* banTangCopy.app */;
			productType = "com.apple.product-type.application";
		};
/* End PBXNativeTarget section */

/* Begin PBXProject section */
		1D31B7061CA9633F00E4160B /* Project object */ = {
			isa = PBXProject;
			attributes = {
				LastUpgradeCheck = 0730;
				ORGANIZATIONNAME = LarrySue;
				TargetAttributes = {
					1D31B70D1CA9633F00E4160B = {
						CreatedOnToolsVersion = 7.3;
						DevelopmentTeam = FAHA792R32;
					};
					1D5B778F1CB5357B0098235D = {
						CreatedOnToolsVersion = 7.3;
						DevelopmentTeam = FAHA792R32;
					};
				};
			};
			buildConfigurationList = 1D31B7091CA9633F00E4160B /* Build configuration list for PBXProject "banTangCopy" */;
			compatibilityVersion = "Xcode 3.2";
			developmentRegion = English;
			hasScannedForEncodings = 0;
			knownRegions = (
				en,
				Base,
			);
			mainGroup = 1D31B7051CA9633F00E4160B;
			productRefGroup = 1D31B70F1CA9633F00E4160B /* Products */;
			projectDirPath = "";
			projectRoot = "";
			targets = (
				1D31B70D1CA9633F00E4160B /* banTangCopy */,
				1D5B778F1CB5357B0098235D /* aggregate */,
			);
		};
/* End PBXProject section */

/* Begin PBXResourcesBuildPhase section */
		1D31B70C1CA9633F00E4160B /* Resources */ = {
			isa = PBXResourcesBuildPhase;
			buildActionMask = 2147483647;
			files = (
				1D5B77731CB522A60098235D /* ModelDemo in Resources */,
				1D5B77741CB522A60098235D /* ResourcesDemo in Resources */,
				1D5B77851CB527FE0098235D /* LoginDemo in Resources */,
				1D31B71E1CA9633F00E4160B /* Assets.xcassets in Resources */,
				1D8A2FEC1CA9677100140644 /* LICENSE in Resources */,
				1D5B778B1CB5282C0098235D /* ShowDemo in Resources */,
				1D5B778D1CB528360098235D /* SquareDemo in Resources */,
				1D5B77891CB528200098235D /* PersonalDemo in Resources */,
				1D5B777F1CB527610098235D /* HelperDemo in Resources */,
				1D5B77871CB5280B0098235D /* MessageDemo in Resources */,
				1D5B77831CB527ED0098235D /* HomeDemo in Resources */,
				1D5B77811CB5276F0098235D /* GeneralDemo in Resources */,
			);
			runOnlyForDeploymentPostprocessing = 0;
		};
/* End PBXResourcesBuildPhase section */

/* Begin PBXShellScriptBuildPhase section */
		1D5B77991CB5379C0098235D /* ShellScript */ = {
			isa = PBXShellScriptBuildPhase;
			buildActionMask = 2147483647;
			files = (
			);
			inputPaths = (
			);
			outputPaths = (
			);
			runOnlyForDeploymentPostprocessing = 0;
			shellPath = /bin/sh;
			shellScript = "# shell script goes here\n\nmkdir -p headerDoc\n\nfind /Users/iBreezearrow/Desktop/banTangCopy/banTangCopy/Macro -name \\*.h -print | xargs headerdoc2html -o headerDoc\n\ngatherheaderdoc headerDoc\n\nexit 0";
		};
		22C829276BAD868BD525A3E2 /* Embed Pods Frameworks */ = {
			isa = PBXShellScriptBuildPhase;
			buildActionMask = 2147483647;
			files = (
			);
			inputPaths = (
			);
			name = "Embed Pods Frameworks";
			outputPaths = (
			);
			runOnlyForDeploymentPostprocessing = 0;
			shellPath = /bin/sh;
			shellScript = "\"${SRCROOT}/Pods/Target Support Files/Pods-banTangCopy/Pods-banTangCopy-frameworks.sh\"\n";
			showEnvVarsInLog = 0;
		};
		A40C01C1DDF7D836D8F753E4 /* Check Pods Manifest.lock */ = {
			isa = PBXShellScriptBuildPhase;
			buildActionMask = 2147483647;
			files = (
			);
			inputPaths = (
			);
			name = "Check Pods Manifest.lock";
			outputPaths = (
			);
			runOnlyForDeploymentPostprocessing = 0;
			shellPath = /bin/sh;
			shellScript = "diff \"${PODS_ROOT}/../Podfile.lock\" \"${PODS_ROOT}/Manifest.lock\" > /dev/null\nif [[ $? != 0 ]] ; then\n    cat << EOM\nerror: The sandbox is not in sync with the Podfile.lock. Run 'pod install' or update your CocoaPods installation.\nEOM\n    exit 1\nfi\n";
			showEnvVarsInLog = 0;
		};
		F8A725F11A719A3EDEC52B7F /* Copy Pods Resources */ = {
			isa = PBXShellScriptBuildPhase;
			buildActionMask = 2147483647;
			files = (
			);
			inputPaths = (
			);
			name = "Copy Pods Resources";
			outputPaths = (
			);
			runOnlyForDeploymentPostprocessing = 0;
			shellPath = /bin/sh;
			shellScript = "\"${SRCROOT}/Pods/Target Support Files/Pods-banTangCopy/Pods-banTangCopy-resources.sh\"\n";
			showEnvVarsInLog = 0;
		};
/* End PBXShellScriptBuildPhase section */

/* Begin PBXSourcesBuildPhase section */
		1D31B70A1CA9633F00E4160B /* Sources */ = {
			isa = PBXSourcesBuildPhase;
			buildActionMask = 2147483647;
			files = (
				1D5B77721CB522A60098235D /* AppDelegate.m in Sources */,
				1D5B777B1CB523F60098235D /* Constant.m in Sources */,
				1D31B7131CA9633F00E4160B /* main.m in Sources */,
				CBBE7BD01CB68BBF00C824EF /* BTCcMessageController.m in Sources */,
			);
			runOnlyForDeploymentPostprocessing = 0;
		};
/* End PBXSourcesBuildPhase section */

/* Begin XCBuildConfiguration section */
		1D31B7391CA9633F00E4160B /* Debug */ = {
			isa = XCBuildConfiguration;
			buildSettings = {
				ALWAYS_SEARCH_USER_PATHS = NO;
				CLANG_ANALYZER_NONNULL = YES;
				CLANG_CXX_LANGUAGE_STANDARD = "gnu++0x";
				CLANG_CXX_LIBRARY = "libc++";
				CLANG_ENABLE_MODULES = YES;
				CLANG_ENABLE_OBJC_ARC = YES;
				CLANG_WARN_BOOL_CONVERSION = YES;
				CLANG_WARN_CONSTANT_CONVERSION = YES;
				CLANG_WARN_DIRECT_OBJC_ISA_USAGE = YES_ERROR;
				CLANG_WARN_EMPTY_BODY = YES;
				CLANG_WARN_ENUM_CONVERSION = YES;
				CLANG_WARN_INT_CONVERSION = YES;
				CLANG_WARN_OBJC_ROOT_CLASS = YES_ERROR;
				CLANG_WARN_UNREACHABLE_CODE = YES;
				CLANG_WARN__DUPLICATE_METHOD_MATCH = YES;
				"CODE_SIGN_IDENTITY[sdk=iphoneos*]" = "iPhone Developer";
				COPY_PHASE_STRIP = NO;
				DEBUG_INFORMATION_FORMAT = dwarf;
				ENABLE_STRICT_OBJC_MSGSEND = YES;
				ENABLE_TESTABILITY = YES;
				GCC_C_LANGUAGE_STANDARD = gnu99;
				GCC_DYNAMIC_NO_PIC = NO;
				GCC_NO_COMMON_BLOCKS = YES;
				GCC_OPTIMIZATION_LEVEL = 0;
				GCC_PREFIX_HEADER = "$(SRCROOT)/banTangCopy/Macro/banTangCopy.pch";
				GCC_PREPROCESSOR_DEFINITIONS = (
					"DEBUG=1",
					"$(inherited)",
				);
				GCC_WARN_64_TO_32_BIT_CONVERSION = YES;
				GCC_WARN_ABOUT_RETURN_TYPE = YES_ERROR;
				GCC_WARN_UNDECLARED_SELECTOR = YES;
				GCC_WARN_UNINITIALIZED_AUTOS = YES_AGGRESSIVE;
				GCC_WARN_UNUSED_FUNCTION = YES;
				GCC_WARN_UNUSED_VARIABLE = YES;
				IPHONEOS_DEPLOYMENT_TARGET = 9.3;
				MTL_ENABLE_DEBUG_INFO = YES;
				ONLY_ACTIVE_ARCH = YES;
				SDKROOT = iphoneos;
				SWIFT_OBJC_BRIDGING_HEADER = "";
			};
			name = Debug;
		};
		1D31B73A1CA9633F00E4160B /* Release */ = {
			isa = XCBuildConfiguration;
			buildSettings = {
				ALWAYS_SEARCH_USER_PATHS = NO;
				CLANG_ANALYZER_NONNULL = YES;
				CLANG_CXX_LANGUAGE_STANDARD = "gnu++0x";
				CLANG_CXX_LIBRARY = "libc++";
				CLANG_ENABLE_MODULES = YES;
				CLANG_ENABLE_OBJC_ARC = YES;
				CLANG_WARN_BOOL_CONVERSION = YES;
				CLANG_WARN_CONSTANT_CONVERSION = YES;
				CLANG_WARN_DIRECT_OBJC_ISA_USAGE = YES_ERROR;
				CLANG_WARN_EMPTY_BODY = YES;
				CLANG_WARN_ENUM_CONVERSION = YES;
				CLANG_WARN_INT_CONVERSION = YES;
				CLANG_WARN_OBJC_ROOT_CLASS = YES_ERROR;
				CLANG_WARN_UNREACHABLE_CODE = YES;
				CLANG_WARN__DUPLICATE_METHOD_MATCH = YES;
				"CODE_SIGN_IDENTITY[sdk=iphoneos*]" = "iPhone Developer";
				COPY_PHASE_STRIP = NO;
				DEBUG_INFORMATION_FORMAT = "dwarf-with-dsym";
				ENABLE_NS_ASSERTIONS = NO;
				ENABLE_STRICT_OBJC_MSGSEND = YES;
				GCC_C_LANGUAGE_STANDARD = gnu99;
				GCC_NO_COMMON_BLOCKS = YES;
				GCC_PREFIX_HEADER = "$(SRCROOT)/banTangCopy/Macro/banTangCopy.pch";
				GCC_WARN_64_TO_32_BIT_CONVERSION = YES;
				GCC_WARN_ABOUT_RETURN_TYPE = YES_ERROR;
				GCC_WARN_UNDECLARED_SELECTOR = YES;
				GCC_WARN_UNINITIALIZED_AUTOS = YES_AGGRESSIVE;
				GCC_WARN_UNUSED_FUNCTION = YES;
				GCC_WARN_UNUSED_VARIABLE = YES;
				IPHONEOS_DEPLOYMENT_TARGET = 9.3;
				MTL_ENABLE_DEBUG_INFO = NO;
				SDKROOT = iphoneos;
				SWIFT_OBJC_BRIDGING_HEADER = "";
				VALIDATE_PRODUCT = YES;
			};
			name = Release;
		};
		1D31B73C1CA9633F00E4160B /* Debug */ = {
			isa = XCBuildConfiguration;
			baseConfigurationReference = 18C9720F2EC13077CEBD124E /* Pods-banTangCopy.debug.xcconfig */;
			buildSettings = {
				ASSETCATALOG_COMPILER_APPICON_NAME = AppIcon;
				ASSETCATALOG_COMPILER_LAUNCHIMAGE_NAME = LunchImage;
				CLANG_ENABLE_MODULES = YES;
				INFOPLIST_FILE = banTangCopy/Info.plist;
				IPHONEOS_DEPLOYMENT_TARGET = 7.0;
				LD_RUNPATH_SEARCH_PATHS = "$(inherited) @executable_path/Frameworks";
				PRODUCT_BUNDLE_IDENTIFIER = cn.larrySue.banTangCopy;
				PRODUCT_NAME = "$(TARGET_NAME)";
				SWIFT_OBJC_BRIDGING_HEADER = "$(SRCROOT)/banTangCopy/banTangCopy-Bridging-Header.h";
				SWIFT_OPTIMIZATION_LEVEL = "-Onone";
			};
			name = Debug;
		};
		1D31B73D1CA9633F00E4160B /* Release */ = {
			isa = XCBuildConfiguration;
			baseConfigurationReference = F032FF7E1FADA31D504BBC97 /* Pods-banTangCopy.release.xcconfig */;
			buildSettings = {
				ASSETCATALOG_COMPILER_APPICON_NAME = AppIcon;
				ASSETCATALOG_COMPILER_LAUNCHIMAGE_NAME = LunchImage;
				CLANG_ENABLE_MODULES = YES;
				INFOPLIST_FILE = banTangCopy/Info.plist;
				IPHONEOS_DEPLOYMENT_TARGET = 7.0;
				LD_RUNPATH_SEARCH_PATHS = "$(inherited) @executable_path/Frameworks";
				PRODUCT_BUNDLE_IDENTIFIER = cn.larrySue.banTangCopy;
				PRODUCT_NAME = "$(TARGET_NAME)";
				SWIFT_OBJC_BRIDGING_HEADER = "$(SRCROOT)/banTangCopy/banTangCopy-Bridging-Header.h";
			};
			name = Release;
		};
		1D5B77901CB5357B0098235D /* Debug */ = {
			isa = XCBuildConfiguration;
			buildSettings = {
				PRODUCT_NAME = "$(TARGET_NAME)";
			};
			name = Debug;
		};
		1D5B77911CB5357B0098235D /* Release */ = {
			isa = XCBuildConfiguration;
			buildSettings = {
				PRODUCT_NAME = "$(TARGET_NAME)";
			};
			name = Release;
		};
/* End XCBuildConfiguration section */

/* Begin XCConfigurationList section */
		1D31B7091CA9633F00E4160B /* Build configuration list for PBXProject "banTangCopy" */ = {
			isa = XCConfigurationList;
			buildConfigurations = (
				1D31B7391CA9633F00E4160B /* Debug */,
				1D31B73A1CA9633F00E4160B /* Release */,
			);
			defaultConfigurationIsVisible = 0;
			defaultConfigurationName = Release;
		};
		1D31B73B1CA9633F00E4160B /* Build configuration list for PBXNativeTarget "banTangCopy" */ = {
			isa = XCConfigurationList;
			buildConfigurations = (
				1D31B73C1CA9633F00E4160B /* Debug */,
				1D31B73D1CA9633F00E4160B /* Release */,
			);
			defaultConfigurationIsVisible = 0;
			defaultConfigurationName = Release;
		};
		1D5B77921CB5357B0098235D /* Build configuration list for PBXAggregateTarget "aggregate" */ = {
			isa = XCConfigurationList;
			buildConfigurations = (
				1D5B77901CB5357B0098235D /* Debug */,
				1D5B77911CB5357B0098235D /* Release */,
			);
			defaultConfigurationIsVisible = 0;
			defaultConfigurationName = Release;
		};
/* End XCConfigurationList section */
	};
	rootObject = 1D31B7061CA9633F00E4160B /* Project object */;
}
