// !$*UTF8*$!
{
	archiveVersion = 1;
	classes = {
	};
	objectVersion = 46;
	objects = {

/* Begin PBXBuildFile section */
		1D31B7131CA9633F00E4160B /* main.m in Sources */ = {isa = PBXBuildFile; fileRef = 1D31B7121CA9633F00E4160B /* main.m */; };
		1D31B7161CA9633F00E4160B /* AppDelegate.m in Sources */ = {isa = PBXBuildFile; fileRef = 1D31B7151CA9633F00E4160B /* AppDelegate.m */; };
		1D31B71E1CA9633F00E4160B /* Assets.xcassets in Resources */ = {isa = PBXBuildFile; fileRef = 1D31B71D1CA9633F00E4160B /* Assets.xcassets */; };
		1D8A2FEC1CA9677100140644 /* LICENSE in Resources */ = {isa = PBXBuildFile; fileRef = 1D8A2FEA1CA9677100140644 /* LICENSE */; };
/* End PBXBuildFile section */

/* Begin PBXFileReference section */
		1D31B70E1CA9633F00E4160B /* banTangCopy.app */ = {isa = PBXFileReference; explicitFileType = wrapper.application; includeInIndex = 0; path = banTangCopy.app; sourceTree = BUILT_PRODUCTS_DIR; };
		1D31B7121CA9633F00E4160B /* main.m */ = {isa = PBXFileReference; lastKnownFileType = sourcecode.c.objc; path = main.m; sourceTree = "<group>"; };
		1D31B7141CA9633F00E4160B /* AppDelegate.h */ = {isa = PBXFileReference; lastKnownFileType = sourcecode.c.h; path = AppDelegate.h; sourceTree = "<group>"; };
		1D31B7151CA9633F00E4160B /* AppDelegate.m */ = {isa = PBXFileReference; lastKnownFileType = sourcecode.c.objc; path = AppDelegate.m; sourceTree = "<group>"; };
		1D31B71D1CA9633F00E4160B /* Assets.xcassets */ = {isa = PBXFileReference; lastKnownFileType = folder.assetcatalog; path = Assets.xcassets; sourceTree = "<group>"; };
		1D31B7221CA9633F00E4160B /* Info.plist */ = {isa = PBXFileReference; lastKnownFileType = text.plist.xml; path = Info.plist; sourceTree = "<group>"; };
		1D8A2FEA1CA9677100140644 /* LICENSE */ = {isa = PBXFileReference; fileEncoding = 4; lastKnownFileType = text; path = LICENSE; sourceTree = "<group>"; };
		1D8A2FEB1CA9677100140644 /* README.md */ = {isa = PBXFileReference; fileEncoding = 4; lastKnownFileType = net.daringfireball.markdown; path = README.md; sourceTree = "<group>"; };
/* End PBXFileReference section */

/* Begin PBXFrameworksBuildPhase section */
		1D31B70B1CA9633F00E4160B /* Frameworks */ = {
			isa = PBXFrameworksBuildPhase;
			buildActionMask = 2147483647;
			files = (
			);
			runOnlyForDeploymentPostprocessing = 0;
		};
/* End PBXFrameworksBuildPhase section */

/* Begin PBXGroup section */
		1D31B7051CA9633F00E4160B = {
			isa = PBXGroup;
			children = (
				1D8A2FEA1CA9677100140644 /* LICENSE */,
				1D8A2FEB1CA9677100140644 /* README.md */,
				1D31B7101CA9633F00E4160B /* banTangCopy */,
				1D31B70F1CA9633F00E4160B /* Products */,
			);
			sourceTree = "<group>";
		};
		1D31B70F1CA9633F00E4160B /* Products */ = {
			isa = PBXGroup;
			children = (
				1D31B70E1CA9633F00E4160B /* banTangCopy.app */,
			);
			name = Products;
			sourceTree = "<group>";
		};
		1D31B7101CA9633F00E4160B /* banTangCopy */ = {
			isa = PBXGroup;
			children = (
				1D31B7141CA9633F00E4160B /* AppDelegate.h */,
				1D31B7151CA9633F00E4160B /* AppDelegate.m */,
				1D31B71D1CA9633F00E4160B /* Assets.xcassets */,
				1D31B7221CA9633F00E4160B /* Info.plist */,
				1D31B7111CA9633F00E4160B /* Supporting Files */,
			);
			path = banTangCopy;
			sourceTree = "<group>";
		};
		1D31B7111CA9633F00E4160B /* Supporting Files */ = {
			isa = PBXGroup;
			children = (
				1D31B7121CA9633F00E4160B /* main.m */,
			);
			name = "Supporting Files";
			sourceTree = "<group>";
		};
/* End PBXGroup section */

/* Begin PBXNativeTarget section */
		1D31B70D1CA9633F00E4160B /* banTangCopy */ = {
			isa = PBXNativeTarget;
			buildConfigurationList = 1D31B73B1CA9633F00E4160B /* Build configuration list for PBXNativeTarget "banTangCopy" */;
			buildPhases = (
				1D31B70A1CA9633F00E4160B /* Sources */,
				1D31B70B1CA9633F00E4160B /* Frameworks */,
				1D31B70C1CA9633F00E4160B /* Resources */,
			);
			buildRules = (
			);
			dependencies = (
			);
			name = banTangCopy;
			productName = banTangCopy;
			productReference = 1D31B70E1CA9633F00E4160B /* banTangCopy.app */;
			productType = "com.apple.product-type.application";
		};
/* End PBXNativeTarget section */

/* Begin PBXProject section */
		1D31B7061CA9633F00E4160B /* Project object */ = {
			isa = PBXProject;
			attributes = {
				LastUpgradeCheck = 0730;
				ORGANIZATIONNAME = LarrySue;
				TargetAttributes = {
					1D31B70D1CA9633F00E4160B = {
						CreatedOnToolsVersion = 7.3;
						DevelopmentTeam = FAHA792R32;
					};
				};
			};
			buildConfigurationList = 1D31B7091CA9633F00E4160B /* Build configuration list for PBXProject "banTangCopy" */;
			compatibilityVersion = "Xcode 3.2";
			developmentRegion = English;
			hasScannedForEncodings = 0;
			knownRegions = (
				en,
				Base,
			);
			mainGroup = 1D31B7051CA9633F00E4160B;
			productRefGroup = 1D31B70F1CA9633F00E4160B /* Products */;
			projectDirPath = "";
			projectRoot = "";
			targets = (
				1D31B70D1CA9633F00E4160B /* banTangCopy */,
			);
		};
/* End PBXProject section */

/* Begin PBXResourcesBuildPhase section */
		1D31B70C1CA9633F00E4160B /* Resources */ = {
			isa = PBXResourcesBuildPhase;
			buildActionMask = 2147483647;
			files = (
				1D31B71E1CA9633F00E4160B /* Assets.xcassets in Resources */,
				1D8A2FEC1CA9677100140644 /* LICENSE in Resources */,
			);
			runOnlyForDeploymentPostprocessing = 0;
		};
/* End PBXResourcesBuildPhase section */

/* Begin PBXSourcesBuildPhase section */
		1D31B70A1CA9633F00E4160B /* Sources */ = {
			isa = PBXSourcesBuildPhase;
			buildActionMask = 2147483647;
			files = (
				1D31B7161CA9633F00E4160B /* AppDelegate.m in Sources */,
				1D31B7131CA9633F00E4160B /* main.m in Sources */,
			);
			runOnlyForDeploymentPostprocessing = 0;
		};
/* End PBXSourcesBuildPhase section */

/* Begin XCBuildConfiguration section */
		1D31B7391CA9633F00E4160B /* Debug */ = {
			isa = XCBuildConfiguration;
			buildSettings = {
				ALWAYS_SEARCH_USER_PATHS = NO;
				CLANG_ANALYZER_NONNULL = YES;
				CLANG_CXX_LANGUAGE_STANDARD = "gnu++0x";
				CLANG_CXX_LIBRARY = "libc++";
				CLANG_ENABLE_MODULES = YES;
				CLANG_ENABLE_OBJC_ARC = YES;
				CLANG_WARN_BOOL_CONVERSION = YES;
				CLANG_WARN_CONSTANT_CONVERSION = YES;
				CLANG_WARN_DIRECT_OBJC_ISA_USAGE = YES_ERROR;
				CLANG_WARN_EMPTY_BODY = YES;
				CLANG_WARN_ENUM_CONVERSION = YES;
				CLANG_WARN_INT_CONVERSION = YES;
				CLANG_WARN_OBJC_ROOT_CLASS = YES_ERROR;
				CLANG_WARN_UNREACHABLE_CODE = YES;
				CLANG_WARN__DUPLICATE_METHOD_MATCH = YES;
				"CODE_SIGN_IDENTITY[sdk=iphoneos*]" = "iPhone Developer";
				COPY_PHASE_STRIP = NO;
				DEBUG_INFORMATION_FORMAT = dwarf;
				ENABLE_STRICT_OBJC_MSGSEND = YES;
				ENABLE_TESTABILITY = YES;
				GCC_C_LANGUAGE_STANDARD = gnu99;
				GCC_DYNAMIC_NO_PIC = NO;
				GCC_NO_COMMON_BLOCKS = YES;
				GCC_OPTIMIZATION_LEVEL = 0;
				GCC_PREPROCESSOR_DEFINITIONS = (
					"DEBUG=1",
					"$(inherited)",
				);
				GCC_WARN_64_TO_32_BIT_CONVERSION = YES;
				GCC_WARN_ABOUT_RETURN_TYPE = YES_ERROR;
				GCC_WARN_UNDECLARED_SELECTOR = YES;
				GCC_WARN_UNINITIALIZED_AUTOS = YES_AGGRESSIVE;
				GCC_WARN_UNUSED_FUNCTION = YES;
				GCC_WARN_UNUSED_VARIABLE = YES;
				IPHONEOS_DEPLOYMENT_TARGET = 9.3;
				MTL_ENABLE_DEBUG_INFO = YES;
				ONLY_ACTIVE_ARCH = YES;
				SDKROOT = iphoneos;
			};
			name = Debug;
		};
		1D31B73A1CA9633F00E4160B /* Release */ = {
			isa = XCBuildConfiguration;
			buildSettings = {
				ALWAYS_SEARCH_USER_PATHS = NO;
				CLANG_ANALYZER_NONNULL = YES;
				CLANG_CXX_LANGUAGE_STANDARD = "gnu++0x";
				CLANG_CXX_LIBRARY = "libc++";
				CLANG_ENABLE_MODULES = YES;
				CLANG_ENABLE_OBJC_ARC = YES;
				CLANG_WARN_BOOL_CONVERSION = YES;
				CLANG_WARN_CONSTANT_CONVERSION = YES;
				CLANG_WARN_DIRECT_OBJC_ISA_USAGE = YES_ERROR;
				CLANG_WARN_EMPTY_BODY = YES;
				CLANG_WARN_ENUM_CONVERSION = YES;
				CLANG_WARN_INT_CONVERSION = YES;
				CLANG_WARN_OBJC_ROOT_CLASS = YES_ERROR;
				CLANG_WARN_UNREACHABLE_CODE = YES;
				CLANG_WARN__DUPLICATE_METHOD_MATCH = YES;
				"CODE_SIGN_IDENTITY[sdk=iphoneos*]" = "iPhone Developer";
				COPY_PHASE_STRIP = NO;
				DEBUG_INFORMATION_FORMAT = "dwarf-with-dsym";
				ENABLE_NS_ASSERTIONS = NO;
				ENABLE_STRICT_OBJC_MSGSEND = YES;
				GCC_C_LANGUAGE_STANDARD = gnu99;
				GCC_NO_COMMON_BLOCKS = YES;
				GCC_WARN_64_TO_32_BIT_CONVERSION = YES;
				GCC_WARN_ABOUT_RETURN_TYPE = YES_ERROR;
				GCC_WARN_UNDECLARED_SELECTOR = YES;
				GCC_WARN_UNINITIALIZED_AUTOS = YES_AGGRESSIVE;
				GCC_WARN_UNUSED_FUNCTION = YES;
				GCC_WARN_UNUSED_VARIABLE = YES;
				IPHONEOS_DEPLOYMENT_TARGET = 9.3;
				MTL_ENABLE_DEBUG_INFO = NO;
				SDKROOT = iphoneos;
				VALIDATE_PRODUCT = YES;
			};
			name = Release;
		};
		1D31B73C1CA9633F00E4160B /* Debug */ = {
			isa = XCBuildConfiguration;
			buildSettings = {
				ASSETCATALOG_COMPILER_APPICON_NAME = AppIcon;
				INFOPLIST_FILE = banTangCopy/Info.plist;
				IPHONEOS_DEPLOYMENT_TARGET = 9.3;
				LD_RUNPATH_SEARCH_PATHS = "$(inherited) @executable_path/Frameworks";
				PRODUCT_BUNDLE_IDENTIFIER = cn.larrySue.banTangCopy;
				PRODUCT_NAME = "$(TARGET_NAME)";
			};
			name = Debug;
		};
		1D31B73D1CA9633F00E4160B /* Release */ = {
			isa = XCBuildConfiguration;
			buildSettings = {
				ASSETCATALOG_COMPILER_APPICON_NAME = AppIcon;
				INFOPLIST_FILE = banTangCopy/Info.plist;
				IPHONEOS_DEPLOYMENT_TARGET = 9.3;
				LD_RUNPATH_SEARCH_PATHS = "$(inherited) @executable_path/Frameworks";
				PRODUCT_BUNDLE_IDENTIFIER = cn.larrySue.banTangCopy;
				PRODUCT_NAME = "$(TARGET_NAME)";
			};
			name = Release;
		};
/* End XCBuildConfiguration section */

/* Begin XCConfigurationList section */
		1D31B7091CA9633F00E4160B /* Build configuration list for PBXProject "banTangCopy" */ = {
			isa = XCConfigurationList;
			buildConfigurations = (
				1D31B7391CA9633F00E4160B /* Debug */,
				1D31B73A1CA9633F00E4160B /* Release */,
			);
			defaultConfigurationIsVisible = 0;
			defaultConfigurationName = Release;
		};
		1D31B73B1CA9633F00E4160B /* Build configuration list for PBXNativeTarget "banTangCopy" */ = {
			isa = XCConfigurationList;
			buildConfigurations = (
				1D31B73C1CA9633F00E4160B /* Debug */,
				1D31B73D1CA9633F00E4160B /* Release */,
			);
			defaultConfigurationIsVisible = 0;
			defaultConfigurationName = Release;
		};
/* End XCConfigurationList section */
	};
	rootObject = 1D31B7061CA9633F00E4160B /* Project object */;
}
